// !$*UTF8*$!
{
	archiveVersion = 1;
	classes = {
	};
	objectVersion = 56;
	objects = {

/* Begin PBXBuildFile section */
		2A1D1E012C8A1B2E00AB1234 /* MySampleiOSAppApp.swift in Sources */ = {isa = PBXBuildFile; fileRef = 2A1D1E002C8A1B2E00AB1234 /* MySampleiOSAppApp.swift */; };
		2A1D1E032C8A1B2E00AB1234 /* ContentView.swift in Sources */ = {isa = PBXBuildFile; fileRef = 2A1D1E022C8A1B2E00AB1234 /* ContentView.swift */; };
		2A1D1E052C8A1B2F00AB1234 /* Assets.xcassets in Resources */ = {isa = PBXBuildFile; fileRef = 2A1D1E042C8A1B2F00AB1234 /* Assets.xcassets */; };
		2A1D1E102C8A1B3000AB1234 /* LoginView.swift in Sources */ = {isa = PBXBuildFile; fileRef = 2A1D1E0F2C8A1B3000AB1234 /* LoginView.swift */; };
		2A1D1E122C8A1B3100AB1234 /* LoginViewModel.swift in Sources */ = {isa = PBXBuildFile; fileRef = 2A1D1E112C8A1B3100AB1234 /* LoginViewModel.swift */; };
		2A1D1E142C8A1B3200AB1234 /* AuthenticationService.swift in Sources */ = {isa = PBXBuildFile; fileRef = 2A1D1E132C8A1B3200AB1234 /* AuthenticationService.swift */; };
		2A1D1E162C8A1B3300AB1234 /* ValidationService.swift in Sources */ = {isa = PBXBuildFile; fileRef = 2A1D1E152C8A1B3300AB1234 /* ValidationService.swift */; };
		2A1D1E1F2C8A1B5000AB1234 /* LoginViewModelTests.swift in Sources */ = {isa = PBXBuildFile; fileRef = 2A1D1E1E2C8A1B5000AB1234 /* LoginViewModelTests.swift */; };
		2A1D1E212C8A1B5100AB1234 /* ValidationServiceTests.swift in Sources */ = {isa = PBXBuildFile; fileRef = 2A1D1E202C8A1B5100AB1234 /* ValidationServiceTests.swift */; };
		2A1D1E232C8A1B5200AB1234 /* AuthenticationServiceTests.swift in Sources */ = {isa = PBXBuildFile; fileRef = 2A1D1E222C8A1B5200AB1234 /* AuthenticationServiceTests.swift */; };
		2A1D1E242C8A1B6000AB1234 /* PoliceStationMapView.swift in Sources */ = {isa = PBXBuildFile; fileRef = 2A1D1E252C8A1B6000AB1234 /* PoliceStationMapView.swift */; };
		2A1D1E262C8A1B6100AB1234 /* PoliceStation.swift in Sources */ = {isa = PBXBuildFile; fileRef = 2A1D1E272C8A1B6100AB1234 /* PoliceStation.swift */; };
		2A1D1E282C8A1B6200AB1234 /* LocationService.swift in Sources */ = {isa = PBXBuildFile; fileRef = 2A1D1E292C8A1B6200AB1234 /* LocationService.swift */; };
/* End PBXBuildFile section */

/* Begin PBXContainerItemProxy section */
		2A1D1E1A2C8A1B4F00AB1234 /* PBXContainerItemProxy */ = {
			isa = PBXContainerItemProxy;
			containerPortal = 2A1D1DF52C8A1B2E00AB1234 /* Project object */;
			proxyType = 1;
			remoteGlobalIDString = 2A1D1DFC2C8A1B2E00AB1234;
			remoteInfo = MySampleiOSApp;
		};
/* End PBXContainerItemProxy section */

/* Begin PBXFileReference section */
		2A1D1DFD2C8A1B2E00AB1234 /* MySampleiOSApp.app */ = {isa = PBXFileReference; explicitFileType = wrapper.application; includeInIndex = 0; path = MySampleiOSApp.app; sourceTree = BUILT_PRODUCTS_DIR; };
		2A1D1E002C8A1B2E00AB1234 /* MySampleiOSAppApp.swift */ = {isa = PBXFileReference; lastKnownFileType = sourcecode.swift; path = MySampleiOSAppApp.swift; sourceTree = "<group>"; };
		2A1D1E022C8A1B2E00AB1234 /* ContentView.swift */ = {isa = PBXFileReference; lastKnownFileType = sourcecode.swift; path = ContentView.swift; sourceTree = "<group>"; };
		2A1D1E042C8A1B2F00AB1234 /* Assets.xcassets */ = {isa = PBXFileReference; lastKnownFileType = folder.assetcatalog; path = Assets.xcassets; sourceTree = "<group>"; };
		2A1D1E0F2C8A1B3000AB1234 /* LoginView.swift */ = {isa = PBXFileReference; lastKnownFileType = sourcecode.swift; path = LoginView.swift; sourceTree = "<group>"; };
		2A1D1E112C8A1B3100AB1234 /* LoginViewModel.swift */ = {isa = PBXFileReference; lastKnownFileType = sourcecode.swift; path = LoginViewModel.swift; sourceTree = "<group>"; };
		2A1D1E132C8A1B3200AB1234 /* AuthenticationService.swift */ = {isa = PBXFileReference; lastKnownFileType = sourcecode.swift; path = AuthenticationService.swift; sourceTree = "<group>"; };
		2A1D1E152C8A1B3300AB1234 /* ValidationService.swift */ = {isa = PBXFileReference; lastKnownFileType = sourcecode.swift; path = ValidationService.swift; sourceTree = "<group>"; };
		2A1D1E182C8A1B4F00AB1234 /* MySampleiOSAppTests.xctest */ = {isa = PBXFileReference; explicitFileType = wrapper.cfbundle; includeInIndex = 0; path = MySampleiOSAppTests.xctest; sourceTree = BUILT_PRODUCTS_DIR; };
		2A1D1E1E2C8A1B5000AB1234 /* LoginViewModelTests.swift */ = {isa = PBXFileReference; lastKnownFileType = sourcecode.swift; path = LoginViewModelTests.swift; sourceTree = "<group>"; };
		2A1D1E202C8A1B5100AB1234 /* ValidationServiceTests.swift */ = {isa = PBXFileReference; lastKnownFileType = sourcecode.swift; path = ValidationServiceTests.swift; sourceTree = "<group>"; };
		2A1D1E222C8A1B5200AB1234 /* AuthenticationServiceTests.swift */ = {isa = PBXFileReference; lastKnownFileType = sourcecode.swift; path = AuthenticationServiceTests.swift; sourceTree = "<group>"; };
		2A1D1E252C8A1B6000AB1234 /* PoliceStationMapView.swift */ = {isa = PBXFileReference; lastKnownFileType = sourcecode.swift; path = PoliceStationMapView.swift; sourceTree = "<group>"; };
		2A1D1E272C8A1B6100AB1234 /* PoliceStation.swift */ = {isa = PBXFileReference; lastKnownFileType = sourcecode.swift; path = PoliceStation.swift; sourceTree = "<group>"; };
		2A1D1E292C8A1B6200AB1234 /* LocationService.swift */ = {isa = PBXFileReference; lastKnownFileType = sourcecode.swift; path = LocationService.swift; sourceTree = "<group>"; };
/* End PBXFileReference section */

/* Begin PBXFrameworksBuildPhase section */
		2A1D1DFA2C8A1B2E00AB1234 /* Frameworks */ = {
			isa = PBXFrameworksBuildPhase;
			buildActionMask = 2147483647;
			files = (
			);
			runOnlyForDeploymentPostprocessing = 0;
		};
		2A1D1E152C8A1B4F00AB1234 /* Frameworks */ = {
			isa = PBXFrameworksBuildPhase;
			buildActionMask = 2147483647;
			files = (
			);
			runOnlyForDeploymentPostprocessing = 0;
		};
/* End PBXFrameworksBuildPhase section */

/* Begin PBXGroup section */
		2A1D1DF42C8A1B2E00AB1234 = {
			isa = PBXGroup;
			children = (
				2A1D1DFF2C8A1B2E00AB1234 /* MySampleiOSApp */,
				2A1D1E192C8A1B4F00AB1234 /* MySampleiOSAppTests */,
				2A1D1DFE2C8A1B2E00AB1234 /* Products */,
			);
			sourceTree = "<group>";
		};
		2A1D1DFE2C8A1B2E00AB1234 /* Products */ = {
			isa = PBXGroup;
			children = (
				2A1D1DFD2C8A1B2E00AB1234 /* MySampleiOSApp.app */,
				2A1D1E182C8A1B4F00AB1234 /* MySampleiOSAppTests.xctest */,
			);
			name = Products;
			sourceTree = "<group>";
		};
		2A1D1DFF2C8A1B2E00AB1234 /* MySampleiOSApp */ = {
			isa = PBXGroup;
			children = (
				2A1D1E002C8A1B2E00AB1234 /* MySampleiOSAppApp.swift */,
				2A1D1E0E2C8A1B3000AB1234 /* Views */,
				2A1D1E0D2C8A1B3000AB1234 /* ViewModels */,
				2A1D1E2A2C8A1B6300AB1234 /* Models */,
				2A1D1E0C2C8A1B3000AB1234 /* Services */,
				2A1D1E042C8A1B2F00AB1234 /* Assets.xcassets */,
			);
			path = MySampleiOSApp;
			sourceTree = "<group>";
		};
		2A1D1E0C2C8A1B3000AB1234 /* Services */ = {
			isa = PBXGroup;
			children = (
				2A1D1E132C8A1B3200AB1234 /* AuthenticationService.swift */,
				2A1D1E152C8A1B3300AB1234 /* ValidationService.swift */,
				2A1D1E292C8A1B6200AB1234 /* LocationService.swift */,
			);
			path = Services;
			sourceTree = "<group>";
		};
		2A1D1E0D2C8A1B3000AB1234 /* ViewModels */ = {
			isa = PBXGroup;
			children = (
				2A1D1E112C8A1B3100AB1234 /* LoginViewModel.swift */,
			);
			path = ViewModels;
			sourceTree = "<group>";
		};
		2A1D1E0E2C8A1B3000AB1234 /* Views */ = {
			isa = PBXGroup;
			children = (
				2A1D1E022C8A1B2E00AB1234 /* ContentView.swift */,
				2A1D1E0F2C8A1B3000AB1234 /* LoginView.swift */,
				2A1D1E252C8A1B6000AB1234 /* PoliceStationMapView.swift */,
			);
			path = Views;
			sourceTree = "<group>";
		};
		2A1D1E2A2C8A1B6300AB1234 /* Models */ = {
			isa = PBXGroup;
			children = (
				2A1D1E272C8A1B6100AB1234 /* PoliceStation.swift */,
			);
			path = Models;
			sourceTree = "<group>";
		};
		2A1D1E192C8A1B4F00AB1234 /* MySampleiOSAppTests */ = {
			isa = PBXGroup;
			children = (
				2A1D1E1E2C8A1B5000AB1234 /* LoginViewModelTests.swift */,
				2A1D1E202C8A1B5100AB1234 /* ValidationServiceTests.swift */,
				2A1D1E222C8A1B5200AB1234 /* AuthenticationServiceTests.swift */,
			);
			path = MySampleiOSAppTests;
			sourceTree = "<group>";
		};
/* End PBXGroup section */

/* Begin PBXNativeTarget section */
		2A1D1DFC2C8A1B2E00AB1234 /* MySampleiOSApp */ = {
			isa = PBXNativeTarget;
			buildConfigurationList = 2A1D1E0A2C8A1B2F00AB1234 /* Build configuration list for PBXNativeTarget "MySampleiOSApp" */;
			buildPhases = (
				2A1D1DF92C8A1B2E00AB1234 /* Sources */,
				2A1D1DFA2C8A1B2E00AB1234 /* Frameworks */,
				2A1D1DFB2C8A1B2E00AB1234 /* Resources */,
			);
			buildRules = (
			);
			dependencies = (
			);
			name = MySampleiOSApp;
			productName = MySampleiOSApp;
			productReference = 2A1D1DFD2C8A1B2E00AB1234 /* MySampleiOSApp.app */;
			productType = "com.apple.product-type.application";
		};
		2A1D1E172C8A1B4F00AB1234 /* MySampleiOSAppTests */ = {
			isa = PBXNativeTarget;
			buildConfigurationList = 2A1D1E1C2C8A1B4F00AB1234 /* Build configuration list for PBXNativeTarget "MySampleiOSAppTests" */;
			buildPhases = (
				2A1D1E142C8A1B4F00AB1234 /* Sources */,
				2A1D1E152C8A1B4F00AB1234 /* Frameworks */,
			);
			buildRules = (
			);
			dependencies = (
				2A1D1E1B2C8A1B4F00AB1234 /* PBXTargetDependency */,
			);
			name = MySampleiOSAppTests;
			productName = MySampleiOSAppTests;
			productReference = 2A1D1E182C8A1B4F00AB1234 /* MySampleiOSAppTests.xctest */;
			productType = "com.apple.product-type.bundle.unit-test";
		};
/* End PBXNativeTarget section */

/* Begin PBXProject section */
		2A1D1DF52C8A1B2E00AB1234 /* Project object */ = {
			isa = PBXProject;
			attributes = {
				BuildIndependentTargetsInParallel = 1;
				LastSwiftUpdateCheck = 1500;
				LastUpgradeCheck = 1500;
				TargetAttributes = {
					2A1D1DFC2C8A1B2E00AB1234 = {
						CreatedOnToolsVersion = 15.0;
					};
					2A1D1E172C8A1B4F00AB1234 = {
						CreatedOnToolsVersion = 15.0;
						TestTargetID = 2A1D1DFC2C8A1B2E00AB1234;
					};
				};
			};
			buildConfigurationList = 2A1D1DF82C8A1B2E00AB1234 /* Build configuration list for PBXProject "MySampleiOSApp" */;
			compatibilityVersion = "Xcode 14.0";
			developmentRegion = en;
			hasScannedForEncodings = 0;
			knownRegions = (
				en,
				Base,
			);
			mainGroup = 2A1D1DF42C8A1B2E00AB1234;
			productRefGroup = 2A1D1DFE2C8A1B2E00AB1234 /* Products */;
			projectDirPath = "";
			projectRoot = "";
			targets = (
				2A1D1DFC2C8A1B2E00AB1234 /* MySampleiOSApp */,
				2A1D1E172C8A1B4F00AB1234 /* MySampleiOSAppTests */,
			);
		};
/* End PBXProject section */

/* Begin PBXResourcesBuildPhase section */
		2A1D1DFB2C8A1B2E00AB1234 /* Resources */ = {
			isa = PBXResourcesBuildPhase;
			buildActionMask = 2147483647;
			files = (
				2A1D1E052C8A1B2F00AB1234 /* Assets.xcassets in Resources */,
			);
			runOnlyForDeploymentPostprocessing = 0;
		};
/* End PBXResourcesBuildPhase section */

/* Begin PBXSourcesBuildPhase section */
		2A1D1DF92C8A1B2E00AB1234 /* Sources */ = {
			isa = PBXSourcesBuildPhase;
			buildActionMask = 2147483647;
			files = (
				2A1D1E032C8A1B2E00AB1234 /* ContentView.swift in Sources */,
				2A1D1E012C8A1B2E00AB1234 /* MySampleiOSAppApp.swift in Sources */,
				2A1D1E102C8A1B3000AB1234 /* LoginView.swift in Sources */,
				2A1D1E122C8A1B3100AB1234 /* LoginViewModel.swift in Sources */,
				2A1D1E142C8A1B3200AB1234 /* AuthenticationService.swift in Sources */,
				2A1D1E162C8A1B3300AB1234 /* ValidationService.swift in Sources */,
				2A1D1E242C8A1B6000AB1234 /* PoliceStationMapView.swift in Sources */,
				2A1D1E262C8A1B6100AB1234 /* PoliceStation.swift in Sources */,
				2A1D1E282C8A1B6200AB1234 /* LocationService.swift in Sources */,
			);
			runOnlyForDeploymentPostprocessing = 0;
		};
		2A1D1E142C8A1B4F00AB1234 /* Sources */ = {
			isa = PBXSourcesBuildPhase;
			buildActionMask = 2147483647;
			files = (
				2A1D1E1F2C8A1B5000AB1234 /* LoginViewModelTests.swift in Sources */,
				2A1D1E212C8A1B5100AB1234 /* ValidationServiceTests.swift in Sources */,
				2A1D1E232C8A1B5200AB1234 /* AuthenticationServiceTests.swift in Sources */,
			);
			runOnlyForDeploymentPostprocessing = 0;
		};
/* End PBXSourcesBuildPhase section */

/* Begin PBXTargetDependency section */
		2A1D1E1B2C8A1B4F00AB1234 /* PBXTargetDependency */ = {
			isa = PBXTargetDependency;
			target = 2A1D1DFC2C8A1B2E00AB1234 /* MySampleiOSApp */;
			targetProxy = 2A1D1E1A2C8A1B4F00AB1234 /* PBXContainerItemProxy */;
		};
/* End PBXTargetDependency section */

/* Begin XCBuildConfiguration section */
		2A1D1E082C8A1B2F00AB1234 /* Debug */ = {
			isa = XCBuildConfiguration;
			buildSettings = {
				ALWAYS_SEARCH_USER_PATHS = NO;
				ASSETCATALOG_COMPILER_GENERATE_SWIFT_ASSET_SYMBOL_EXTENSIONS = YES;
				CLANG_ANALYZER_NONNULL = YES;
				CLANG_ANALYZER_NUMBER_OBJECT_CONVERSION = YES_AGGRESSIVE;
				CLANG_CXX_LANGUAGE_STANDARD = "gnu++20";
				CLANG_ENABLE_MODULES = YES;
				CLANG_ENABLE_OBJC_ARC = YES;
				CLANG_ENABLE_OBJC_WEAK = YES;
				CLANG_WARN_BLOCK_CAPTURE_AUTORELEASING = YES;
				CLANG_WARN_BOOL_CONVERSION = YES;
				CLANG_WARN_COMMA = YES;
				CLANG_WARN_CONSTANT_CONVERSION = YES;
				CLANG_WARN_DEPRECATED_OBJC_IMPLEMENTATIONS = YES;
				CLANG_WARN_DIRECT_OBJC_ISA_USAGE = YES_ERROR;
				CLANG_WARN_DOCUMENTATION_COMMENTS = YES;
				CLANG_WARN_EMPTY_BODY = YES;
				CLANG_WARN_ENUM_CONVERSION = YES;
				CLANG_WARN_INFINITE_RECURSION = YES;
				CLANG_WARN_INT_CONVERSION = YES;
				CLANG_WARN_NON_LITERAL_NULL_CONVERSION = YES;
				CLANG_WARN_OBJC_IMPLICIT_RETAIN_SELF = YES;
				CLANG_WARN_OBJC_LITERAL_CONVERSION = YES;
				CLANG_WARN_OBJC_ROOT_CLASS = YES_ERROR;
				CLANG_WARN_QUOTED_INCLUDE_IN_FRAMEWORK_HEADER = YES;
				CLANG_WARN_RANGE_LOOP_ANALYSIS = YES;
				CLANG_WARN_STRICT_PROTOTYPES = YES;
				CLANG_WARN_SUSPICIOUS_MOVE = YES;
				CLANG_WARN_UNGUARDED_AVAILABILITY = YES_AGGRESSIVE;
				CLANG_WARN_UNREACHABLE_CODE = YES;
				CLANG_WARN__DUPLICATE_METHOD_MATCH = YES;
				COPY_PHASE_STRIP = NO;
				DEBUG_INFORMATION_FORMAT = dwarf;
				ENABLE_STRICT_OBJC_MSGSEND = YES;
				ENABLE_TESTABILITY = YES;
				ENABLE_USER_SCRIPT_SANDBOXING = YES;
				GCC_C_LANGUAGE_STANDARD = gnu17;
				GCC_DYNAMIC_NO_PIC = NO;
				GCC_NO_COMMON_BLOCKS = YES;
				GCC_OPTIMIZATION_LEVEL = 0;
				GCC_PREPROCESSOR_DEFINITIONS = (
					"DEBUG=1",
					"$(inherited)",
				);
				GCC_WARN_64_TO_32_BIT_CONVERSION = YES;
				GCC_WARN_ABOUT_RETURN_TYPE = YES_ERROR;
				GCC_WARN_UNDECLARED_SELECTOR = YES;
				GCC_WARN_UNINITIALIZED_AUTOS = YES_AGGRESSIVE;
				GCC_WARN_UNUSED_FUNCTION = YES;
				GCC_WARN_UNUSED_VARIABLE = YES;
				IPHONEOS_DEPLOYMENT_TARGET = 17.0;
				LOCALIZATION_PREFERS_STRING_CATALOGS = YES;
				MTL_ENABLE_DEBUG_INFO = INCLUDE_SOURCE;
				MTL_FAST_MATH = YES;
				ONLY_ACTIVE_ARCH = YES;
				SDKROOT = iphoneos;
				SWIFT_ACTIVE_COMPILATION_CONDITIONS = "DEBUG $(inherited)";
				SWIFT_OPTIMIZATION_LEVEL = "-Onone";
			};
			name = Debug;
		};
		2A1D1E092C8A1B2F00AB1234 /* Release */ = {
			isa = XCBuildConfiguration;
			buildSettings = {
				ALWAYS_SEARCH_USER_PATHS = NO;
				ASSETCATALOG_COMPILER_GENERATE_SWIFT_ASSET_SYMBOL_EXTENSIONS = YES;
				CLANG_ANALYZER_NONNULL = YES;
				CLANG_ANALYZER_NUMBER_OBJECT_CONVERSION = YES_AGGRESSIVE;
				CLANG_CXX_LANGUAGE_STANDARD = "gnu++20";
				CLANG_ENABLE_MODULES = YES;
				CLANG_ENABLE_OBJC_ARC = YES;
				CLANG_ENABLE_OBJC_WEAK = YES;
				CLANG_WARN_BLOCK_CAPTURE_AUTORELEASING = YES;
				CLANG_WARN_BOOL_CONVERSION = YES;
				CLANG_WARN_COMMA = YES;
				CLANG_WARN_CONSTANT_CONVERSION = YES;
				CLANG_WARN_DEPRECATED_OBJC_IMPLEMENTATIONS = YES;
				CLANG_WARN_DIRECT_OBJC_ISA_USAGE = YES_ERROR;
				CLANG_WARN_DOCUMENTATION_COMMENTS = YES;
				CLANG_WARN_EMPTY_BODY = YES;
				CLANG_WARN_ENUM_CONVERSION = YES;
				CLANG_WARN_INFINITE_RECURSION = YES;
				CLANG_WARN_INT_CONVERSION = YES;
				CLANG_WARN_NON_LITERAL_NULL_CONVERSION = YES;
				CLANG_WARN_OBJC_IMPLICIT_RETAIN_SELF = YES;
				CLANG_WARN_OBJC_LITERAL_CONVERSION = YES;
				CLANG_WARN_OBJC_ROOT_CLASS = YES_ERROR;
				CLANG_WARN_QUOTED_INCLUDE_IN_FRAMEWORK_HEADER = YES;
				CLANG_WARN_RANGE_LOOP_ANALYSIS = YES;
				CLANG_WARN_STRICT_PROTOTYPES = YES;
				CLANG_WARN_SUSPICIOUS_MOVE = YES;
				CLANG_WARN_UNGUARDED_AVAILABILITY = YES_AGGRESSIVE;
				CLANG_WARN_UNREACHABLE_CODE = YES;
				CLANG_WARN__DUPLICATE_METHOD_MATCH = YES;
				COPY_PHASE_STRIP = NO;
				DEBUG_INFORMATION_FORMAT = "dwarf-with-dsym";
				ENABLE_NS_ASSERTIONS = NO;
				ENABLE_STRICT_OBJC_MSGSEND = YES;
				ENABLE_USER_SCRIPT_SANDBOXING = YES;
				GCC_C_LANGUAGE_STANDARD = gnu17;
				GCC_NO_COMMON_BLOCKS = YES;
				GCC_WARN_64_TO_32_BIT_CONVERSION = YES;
				GCC_WARN_ABOUT_RETURN_TYPE = YES_ERROR;
				GCC_WARN_UNDECLARED_SELECTOR = YES;
				GCC_WARN_UNINITIALIZED_AUTOS = YES_AGGRESSIVE;
				GCC_WARN_UNUSED_FUNCTION = YES;
				GCC_WARN_UNUSED_VARIABLE = YES;
				IPHONEOS_DEPLOYMENT_TARGET = 17.0;
				LOCALIZATION_PREFERS_STRING_CATALOGS = YES;
				MTL_ENABLE_DEBUG_INFO = NO;
				MTL_FAST_MATH = YES;
				SDKROOT = iphoneos;
				SWIFT_COMPILATION_MODE = wholemodule;
				VALIDATE_PRODUCT = YES;
			};
			name = Release;
		};
		2A1D1E0B2C8A1B2F00AB1234 /* Debug */ = {
			isa = XCBuildConfiguration;
			buildSettings = {
				ASSETCATALOG_COMPILER_APPICON_NAME = AppIcon;
				ASSETCATALOG_COMPILER_GLOBAL_ACCENT_COLOR_NAME = AccentColor;
				CODE_SIGN_STYLE = Automatic;
				CURRENT_PROJECT_VERSION = 1;
				DEVELOPMENT_ASSET_PATHS = "";
				ENABLE_PREVIEWS = YES;
				GENERATE_INFOPLIST_FILE = YES;
				INFOPLIST_KEY_UIApplicationSceneManifest_Generation = YES;
				INFOPLIST_KEY_UIApplicationSupportsIndirectInputEvents = YES;
				INFOPLIST_KEY_UILaunchScreen_Generation = YES;
				INFOPLIST_KEY_UISupportedInterfaceOrientations = "UIInterfaceOrientationPortrait UIInterfaceOrientationLandscapeLeft UIInterfaceOrientationLandscapeRight";
				INFOPLIST_KEY_UISupportedInterfaceOrientations_iPad = "UIInterfaceOrientationPortrait UIInterfaceOrientationPortraitUpsideDown UIInterfaceOrientationLandscapeLeft UIInterfaceOrientationLandscapeRight";
				LD_RUNPATH_SEARCH_PATHS = (
					"$(inherited)",
					"@executable_path/Frameworks",
				);
				MARKETING_VERSION = 1.0;
				PRODUCT_BUNDLE_IDENTIFIER = com.example.MySampleiOSApp;
				PRODUCT_NAME = "$(TARGET_NAME)";
				SWIFT_EMIT_LOC_STRINGS = YES;
				SWIFT_VERSION = 5.0;
				TARGETED_DEVICE_FAMILY = "1,2";
			};
			name = Debug;
		};
		2A1D1E0C2C8A1B2F00AB1234 /* Release */ = {
			isa = XCBuildConfiguration;
			buildSettings = {
				ASSETCATALOG_COMPILER_APPICON_NAME = AppIcon;
				ASSETCATALOG_COMPILER_GLOBAL_ACCENT_COLOR_NAME = AccentColor;
				CODE_SIGN_STYLE = Automatic;
				CURRENT_PROJECT_VERSION = 1;
				DEVELOPMENT_ASSET_PATHS = "";
				ENABLE_PREVIEWS = YES;
				GENERATE_INFOPLIST_FILE = YES;
				INFOPLIST_KEY_UIApplicationSceneManifest_Generation = YES;
				INFOPLIST_KEY_UIApplicationSupportsIndirectInputEvents = YES;
				INFOPLIST_KEY_UILaunchScreen_Generation = YES;
				INFOPLIST_KEY_UISupportedInterfaceOrientations = "UIInterfaceOrientationPortrait UIInterfaceOrientationLandscapeLeft UIInterfaceOrientationLandscapeRight";
				INFOPLIST_KEY_UISupportedInterfaceOrientations_iPad = "UIInterfaceOrientationPortrait UIInterfaceOrientationPortraitUpsideDown UIInterfaceOrientationLandscapeLeft UIInterfaceOrientationLandscapeRight";
				LD_RUNPATH_SEARCH_PATHS = (
					"$(inherited)",
					"@executable_path/Frameworks",
				);
				MARKETING_VERSION = 1.0;
				PRODUCT_BUNDLE_IDENTIFIER = com.example.MySampleiOSApp;
				PRODUCT_NAME = "$(TARGET_NAME)";
				SWIFT_EMIT_LOC_STRINGS = YES;
				SWIFT_VERSION = 5.0;
				TARGETED_DEVICE_FAMILY = "1,2";
			};
			name = Release;
		};
		2A1D1E1D2C8A1B4F00AB1234 /* Debug */ = {
			isa = XCBuildConfiguration;
			buildSettings = {
				BUNDLE_LOADER = "$(TEST_HOST)";
				CODE_SIGN_STYLE = Automatic;
				CURRENT_PROJECT_VERSION = 1;
				GENERATE_INFOPLIST_FILE = YES;
				IPHONEOS_DEPLOYMENT_TARGET = 17.0;
				MARKETING_VERSION = 1.0;
				PRODUCT_BUNDLE_IDENTIFIER = com.example.MySampleiOSAppTests;
				PRODUCT_NAME = "$(TARGET_NAME)";
				SWIFT_EMIT_LOC_STRINGS = NO;
				SWIFT_VERSION = 5.0;
				TARGETED_DEVICE_FAMILY = "1,2";
				TEST_HOST = "$(BUILT_PRODUCTS_DIR)/MySampleiOSApp.app/$(BUNDLE_EXECUTABLE_FOLDER_PATH)/MySampleiOSApp";
			};
			name = Debug;
		};
		2A1D1E1E2C8A1B4F00AB1234 /* Release */ = {
			isa = XCBuildConfiguration;
			buildSettings = {
				BUNDLE_LOADER = "$(TEST_HOST)";
				CODE_SIGN_STYLE = Automatic;
				CURRENT_PROJECT_VERSION = 1;
				GENERATE_INFOPLIST_FILE = YES;
				IPHONEOS_DEPLOYMENT_TARGET = 17.0;
				MARKETING_VERSION = 1.0;
				PRODUCT_BUNDLE_IDENTIFIER = com.example.MySampleiOSAppTests;
				PRODUCT_NAME = "$(TARGET_NAME)";
				SWIFT_EMIT_LOC_STRINGS = NO;
				SWIFT_VERSION = 5.0;
				TARGETED_DEVICE_FAMILY = "1,2";
				TEST_HOST = "$(BUILT_PRODUCTS_DIR)/MySampleiOSApp.app/$(BUNDLE_EXECUTABLE_FOLDER_PATH)/MySampleiOSApp";
			};
			name = Release;
		};
/* End XCBuildConfiguration section */

/* Begin XCConfigurationList section */
		2A1D1DF82C8A1B2E00AB1234 /* Build configuration list for PBXProject "MySampleiOSApp" */ = {
			isa = XCConfigurationList;
			buildConfigurations = (
				2A1D1E082C8A1B2F00AB1234 /* Debug */,
				2A1D1E092C8A1B2F00AB1234 /* Release */,
			);
			defaultConfigurationIsVisible = 0;
			defaultConfigurationName = Release;
		};
		2A1D1E0A2C8A1B2F00AB1234 /* Build configuration list for PBXNativeTarget "MySampleiOSApp" */ = {
			isa = XCConfigurationList;
			buildConfigurations = (
				2A1D1E0B2C8A1B2F00AB1234 /* Debug */,
				2A1D1E0C2C8A1B2F00AB1234 /* Release */,
			);
			defaultConfigurationIsVisible = 0;
			defaultConfigurationName = Release;
		};
		2A1D1E1C2C8A1B4F00AB1234 /* Build configuration list for PBXNativeTarget "MySampleiOSAppTests" */ = {
			isa = XCConfigurationList;
			buildConfigurations = (
				2A1D1E1D2C8A1B4F00AB1234 /* Debug */,
				2A1D1E1E2C8A1B4F00AB1234 /* Release */,
			);
			defaultConfigurationIsVisible = 0;
			defaultConfigurationName = Release;
		};
/* End XCConfigurationList section */
	};
	rootObject = 2A1D1DF52C8A1B2E00AB1234 /* Project object */;
}
